
Microsoft Visual Studio Solution File, Format Version 12.00
# Visual Studio Version 17
VisualStudioVersion = 17.0.31903.59
MinimumVisualStudioVersion = 10.0.40219.1
Project("{FAE04EC0-301F-11D3-BF4B-00C04F79EFBC}") = "HttpServer", "HttpServer\HttpServer.csproj", "{E8E18B57-1126-48F7-8F94-DD37058656A3}"
EndProject
Project("{FAE04EC0-301F-11D3-BF4B-00C04F79EFBC}") = "HttpServer.Tests", "HttpServer.Tests\HttpServer.Tests.csproj", "{6B3F56F3-5B34-4130-A199-B307788C39F1}"
EndProject
Project("{FAE04EC0-301F-11D3-BF4B-00C04F79EFBC}") = "Servers.Logging", "Servers.Logging\Servers.Logging.csproj", "{0D5C9347-2446-4AC7-A4B2-1C131AFF77B8}"
EndProject
Project("{FAE04EC0-301F-11D3-BF4B-00C04F79EFBC}") = "Servers.Core", "Servers.Core\Servers.Core.csproj", "{EC9EE9F6-3AD2-4C99-9A8F-5360C3EE23A8}"
EndProject
Project("{FAE04EC0-301F-11D3-BF4B-00C04F79EFBC}") = "Servers.Playground", "Servers.Playground\Servers.Playground.csproj", "{E38AF9E2-8CF2-4F8B-ACE0-46BBE582ECA2}"
EndProject
Global
	GlobalSection(SolutionConfigurationPlatforms) = preSolution
		Debug|Any CPU = Debug|Any CPU
		Release|Any CPU = Release|Any CPU
	EndGlobalSection
	GlobalSection(SolutionProperties) = preSolution
		HideSolutionNode = FALSE
	EndGlobalSection
	GlobalSection(ProjectConfigurationPlatforms) = postSolution
		{E8E18B57-1126-48F7-8F94-DD37058656A3}.Debug|Any CPU.ActiveCfg = Debug|Any CPU
		{E8E18B57-1126-48F7-8F94-DD37058656A3}.Debug|Any CPU.Build.0 = Debug|Any CPU
		{E8E18B57-1126-48F7-8F94-DD37058656A3}.Release|Any CPU.ActiveCfg = Release|Any CPU
		{E8E18B57-1126-48F7-8F94-DD37058656A3}.Release|Any CPU.Build.0 = Release|Any CPU
		{6B3F56F3-5B34-4130-A199-B307788C39F1}.Debug|Any CPU.ActiveCfg = Debug|Any CPU
		{6B3F56F3-5B34-4130-A199-B307788C39F1}.Debug|Any CPU.Build.0 = Debug|Any CPU
		{6B3F56F3-5B34-4130-A199-B307788C39F1}.Release|Any CPU.ActiveCfg = Release|Any CPU
		{6B3F56F3-5B34-4130-A199-B307788C39F1}.Release|Any CPU.Build.0 = Release|Any CPU
		{0D5C9347-2446-4AC7-A4B2-1C131AFF77B8}.Debug|Any CPU.ActiveCfg = Debug|Any CPU
		{0D5C9347-2446-4AC7-A4B2-1C131AFF77B8}.Debug|Any CPU.Build.0 = Debug|Any CPU
		{0D5C9347-2446-4AC7-A4B2-1C131AFF77B8}.Release|Any CPU.ActiveCfg = Release|Any CPU
		{0D5C9347-2446-4AC7-A4B2-1C131AFF77B8}.Release|Any CPU.Build.0 = Release|Any CPU
		{EC9EE9F6-3AD2-4C99-9A8F-5360C3EE23A8}.Debug|Any CPU.ActiveCfg = Debug|Any CPU
		{EC9EE9F6-3AD2-4C99-9A8F-5360C3EE23A8}.Debug|Any CPU.Build.0 = Debug|Any CPU
		{EC9EE9F6-3AD2-4C99-9A8F-5360C3EE23A8}.Release|Any CPU.ActiveCfg = Release|Any CPU
		{EC9EE9F6-3AD2-4C99-9A8F-5360C3EE23A8}.Release|Any CPU.Build.0 = Release|Any CPU
		{E38AF9E2-8CF2-4F8B-ACE0-46BBE582ECA2}.Debug|Any CPU.ActiveCfg = Debug|Any CPU
		{E38AF9E2-8CF2-4F8B-ACE0-46BBE582ECA2}.Debug|Any CPU.Build.0 = Debug|Any CPU
		{E38AF9E2-8CF2-4F8B-ACE0-46BBE582ECA2}.Release|Any CPU.ActiveCfg = Release|Any CPU
		{E38AF9E2-8CF2-4F8B-ACE0-46BBE582ECA2}.Release|Any CPU.Build.0 = Release|Any CPU
	EndGlobalSection
EndGlobal
